
Microsoft Visual Studio Solution File, Format Version 12.00
# Visual Studio Version 17
VisualStudioVersion = 17.10.34902.84
MinimumVisualStudioVersion = 10.0.40219.1
Project("{FAE04EC0-301F-11D3-BF4B-00C04F79EFBC}") = "MauiApp2", "MauiApp2\MauiApp2.csproj", "{05C16C4A-366D-425E-8536-C635EBFEC3BA}"
EndProject
Global
	GlobalSection(SolutionConfigurationPlatforms) = preSolution
		Debug|Any CPU = Debug|Any CPU
		Release|Any CPU = Release|Any CPU
	EndGlobalSection
	GlobalSection(ProjectConfigurationPlatforms) = postSolution
		{05C16C4A-366D-425E-8536-C635EBFEC3BA}.Debug|Any CPU.ActiveCfg = Debug|Any CPU
		{05C16C4A-366D-425E-8536-C635EBFEC3BA}.Debug|Any CPU.Build.0 = Debug|Any CPU
		{05C16C4A-366D-425E-8536-C635EBFEC3BA}.Debug|Any CPU.Deploy.0 = Debug|Any CPU
		{05C16C4A-366D-425E-8536-C635EBFEC3BA}.Release|Any CPU.ActiveCfg = Release|Any CPU
		{05C16C4A-366D-425E-8536-C635EBFEC3BA}.Release|Any CPU.Build.0 = Release|Any CPU
		{05C16C4A-366D-425E-8536-C635EBFEC3BA}.Release|Any CPU.Deploy.0 = Release|Any CPU
	EndGlobalSection
	GlobalSection(SolutionProperties) = preSolution
		HideSolutionNode = FALSE
	EndGlobalSection
	GlobalSection(ExtensibilityGlobals) = postSolution
		SolutionGuid = {3DBC730C-264D-4764-9DFB-62EACF39B2D3}
	EndGlobalSection
EndGlobal
